
Microsoft Visual Studio Solution File, Format Version 12.00
# Visual Studio Version 16
VisualStudioVersion = 16.0.29613.14
MinimumVisualStudioVersion = 10.0.40219.1
Project("{FAE04EC0-301F-11D3-BF4B-00C04F79EFBC}") = "Sudoku_Game", "Sudoku_Game\Sudoku_Game.csproj", "{07F4EE70-73D6-4EAB-A5A3-74F160F341DB}"
EndProject
Global
	GlobalSection(SolutionConfigurationPlatforms) = preSolution
		Debug|Any CPU = Debug|Any CPU
		Release|Any CPU = Release|Any CPU
	EndGlobalSection
	GlobalSection(ProjectConfigurationPlatforms) = postSolution
		{07F4EE70-73D6-4EAB-A5A3-74F160F341DB}.Debug|Any CPU.ActiveCfg = Debug|Any CPU
		{07F4EE70-73D6-4EAB-A5A3-74F160F341DB}.Debug|Any CPU.Build.0 = Debug|Any CPU
		{07F4EE70-73D6-4EAB-A5A3-74F160F341DB}.Release|Any CPU.ActiveCfg = Release|Any CPU
		{07F4EE70-73D6-4EAB-A5A3-74F160F341DB}.Release|Any CPU.Build.0 = Release|Any CPU
	EndGlobalSection
	GlobalSection(SolutionProperties) = preSolution
		HideSolutionNode = FALSE
	EndGlobalSection
	GlobalSection(ExtensibilityGlobals) = postSolution
		SolutionGuid = {24019365-AACE-46BE-A54E-DA25CC2A3EB8}
	EndGlobalSection
EndGlobal
